
Microsoft Visual Studio Solution File, Format Version 12.00
# Visual Studio Version 17
VisualStudioVersion = 17.5.002.0
MinimumVisualStudioVersion = 10.0.40219.1
Project("{9A19103F-16F7-4668-BE54-9A1E7A4F7556}") = "HangmanReworked", "HangmanReworked.csproj", "{C5F060D3-7C6E-42D6-AC77-DE8856777794}"
EndProject
Global
	GlobalSection(SolutionConfigurationPlatforms) = preSolution
		Debug|Any CPU = Debug|Any CPU
		Release|Any CPU = Release|Any CPU
	EndGlobalSection
	GlobalSection(ProjectConfigurationPlatforms) = postSolution
		{C5F060D3-7C6E-42D6-AC77-DE8856777794}.Debug|Any CPU.ActiveCfg = Debug|Any CPU
		{C5F060D3-7C6E-42D6-AC77-DE8856777794}.Debug|Any CPU.Build.0 = Debug|Any CPU
		{C5F060D3-7C6E-42D6-AC77-DE8856777794}.Release|Any CPU.ActiveCfg = Release|Any CPU
		{C5F060D3-7C6E-42D6-AC77-DE8856777794}.Release|Any CPU.Build.0 = Release|Any CPU
	EndGlobalSection
	GlobalSection(SolutionProperties) = preSolution
		HideSolutionNode = FALSE
	EndGlobalSection
	GlobalSection(ExtensibilityGlobals) = postSolution
		SolutionGuid = {79204B93-CFBB-4DD6-A759-D608F95795FC}
	EndGlobalSection
EndGlobal
